{
  "object": {
    "pins": [
      {
        "package": "swift-nio",
        "repositoryURL": "https://github.com/apple/swift-nio.git",
        "state": {
          "branch": null,
          "revision": "37e7a33de45bac894c0b08b56a2f755ebe4884e6",
          "version": "2.35.0"
        }
      }
    ]
  },
  "version": 1
}
