{
  "object": {
    "pins": [
      {
        "package": "swift-nio",
        "repositoryURL": "https://github.com/apple/swift-nio.git",
        "state": {
          "branch": null,
          "revision": "3be4e0980075de10a4bc8dee07491d49175cfd7a",
          "version": "2.27.0"
        }
      }
    ]
  },
  "version": 1
}
